// !$*UTF8*$!
{
	archiveVersion = 1;
	classes = {
	};
	objectVersion = 55;
	objects = {

/* Begin PBXBuildFile section */
		B378003828CC518500C52A62 /* SimpleLoader.swift in Sources */ = {isa = PBXBuildFile; fileRef = B378003728CC518500C52A62 /* SimpleLoader.swift */; };
		B3C7EB5628CC592300F7879B /* SwiftDisplayLink in Frameworks */ = {isa = PBXBuildFile; productRef = B3C7EB5528CC592300F7879B /* SwiftDisplayLink */; };
		B3C7EB5828CC592800F7879B /* SwiftDisplayLink in Frameworks */ = {isa = PBXBuildFile; productRef = B3C7EB5728CC592800F7879B /* SwiftDisplayLink */; };
		B3C7EB5928CD0A1F00F7879B /* SimpleLoader.swift in Sources */ = {isa = PBXBuildFile; fileRef = B378003728CC518500C52A62 /* SimpleLoader.swift */; };
		B3F4FC5728B004CF005C98E0 /* Tests_iOS.swift in Sources */ = {isa = PBXBuildFile; fileRef = B3F4FC5628B004CF005C98E0 /* Tests_iOS.swift */; };
		B3F4FC5928B004CF005C98E0 /* Tests_iOSLaunchTests.swift in Sources */ = {isa = PBXBuildFile; fileRef = B3F4FC5828B004CF005C98E0 /* Tests_iOSLaunchTests.swift */; };
		B3F4FC6328B004CF005C98E0 /* Tests_macOS.swift in Sources */ = {isa = PBXBuildFile; fileRef = B3F4FC6228B004CF005C98E0 /* Tests_macOS.swift */; };
		B3F4FC6528B004CF005C98E0 /* Tests_macOSLaunchTests.swift in Sources */ = {isa = PBXBuildFile; fileRef = B3F4FC6428B004CF005C98E0 /* Tests_macOSLaunchTests.swift */; };
		B3F4FC6628B004CF005C98E0 /* DemoAppApp.swift in Sources */ = {isa = PBXBuildFile; fileRef = B3F4FC3E28B004CE005C98E0 /* DemoAppApp.swift */; };
		B3F4FC6728B004CF005C98E0 /* DemoAppApp.swift in Sources */ = {isa = PBXBuildFile; fileRef = B3F4FC3E28B004CE005C98E0 /* DemoAppApp.swift */; };
		B3F4FC6828B004CF005C98E0 /* ContentView.swift in Sources */ = {isa = PBXBuildFile; fileRef = B3F4FC3F28B004CE005C98E0 /* ContentView.swift */; };
		B3F4FC6928B004CF005C98E0 /* ContentView.swift in Sources */ = {isa = PBXBuildFile; fileRef = B3F4FC3F28B004CE005C98E0 /* ContentView.swift */; };
		B3F4FC6A28B004CF005C98E0 /* Assets.xcassets in Resources */ = {isa = PBXBuildFile; fileRef = B3F4FC4028B004CF005C98E0 /* Assets.xcassets */; };
		B3F4FC6B28B004CF005C98E0 /* Assets.xcassets in Resources */ = {isa = PBXBuildFile; fileRef = B3F4FC4028B004CF005C98E0 /* Assets.xcassets */; };
/* End PBXBuildFile section */

/* Begin PBXContainerItemProxy section */
		B3F4FC5328B004CF005C98E0 /* PBXContainerItemProxy */ = {
			isa = PBXContainerItemProxy;
			containerPortal = B3F4FC3928B004CE005C98E0 /* Project object */;
			proxyType = 1;
			remoteGlobalIDString = B3F4FC4428B004CF005C98E0;
			remoteInfo = "DemoApp (iOS)";
		};
		B3F4FC5F28B004CF005C98E0 /* PBXContainerItemProxy */ = {
			isa = PBXContainerItemProxy;
			containerPortal = B3F4FC3928B004CE005C98E0 /* Project object */;
			proxyType = 1;
			remoteGlobalIDString = B3F4FC4A28B004CF005C98E0;
			remoteInfo = "DemoApp (macOS)";
		};
/* End PBXContainerItemProxy section */

/* Begin PBXFileReference section */
		B378003728CC518500C52A62 /* SimpleLoader.swift */ = {isa = PBXFileReference; lastKnownFileType = sourcecode.swift; path = SimpleLoader.swift; sourceTree = "<group>"; };
		B3F4FC3E28B004CE005C98E0 /* DemoAppApp.swift */ = {isa = PBXFileReference; lastKnownFileType = sourcecode.swift; path = DemoAppApp.swift; sourceTree = "<group>"; };
		B3F4FC3F28B004CE005C98E0 /* ContentView.swift */ = {isa = PBXFileReference; lastKnownFileType = sourcecode.swift; path = ContentView.swift; sourceTree = "<group>"; };
		B3F4FC4028B004CF005C98E0 /* Assets.xcassets */ = {isa = PBXFileReference; lastKnownFileType = folder.assetcatalog; path = Assets.xcassets; sourceTree = "<group>"; };
		B3F4FC4528B004CF005C98E0 /* DemoApp.app */ = {isa = PBXFileReference; explicitFileType = wrapper.application; includeInIndex = 0; path = DemoApp.app; sourceTree = BUILT_PRODUCTS_DIR; };
		B3F4FC4B28B004CF005C98E0 /* DemoApp.app */ = {isa = PBXFileReference; explicitFileType = wrapper.application; includeInIndex = 0; path = DemoApp.app; sourceTree = BUILT_PRODUCTS_DIR; };
		B3F4FC4D28B004CF005C98E0 /* macOS.entitlements */ = {isa = PBXFileReference; lastKnownFileType = text.plist.entitlements; path = macOS.entitlements; sourceTree = "<group>"; };
		B3F4FC5228B004CF005C98E0 /* Tests iOS.xctest */ = {isa = PBXFileReference; explicitFileType = wrapper.cfbundle; includeInIndex = 0; path = "Tests iOS.xctest"; sourceTree = BUILT_PRODUCTS_DIR; };
		B3F4FC5628B004CF005C98E0 /* Tests_iOS.swift */ = {isa = PBXFileReference; lastKnownFileType = sourcecode.swift; path = Tests_iOS.swift; sourceTree = "<group>"; };
		B3F4FC5828B004CF005C98E0 /* Tests_iOSLaunchTests.swift */ = {isa = PBXFileReference; lastKnownFileType = sourcecode.swift; path = Tests_iOSLaunchTests.swift; sourceTree = "<group>"; };
		B3F4FC5E28B004CF005C98E0 /* Tests macOS.xctest */ = {isa = PBXFileReference; explicitFileType = wrapper.cfbundle; includeInIndex = 0; path = "Tests macOS.xctest"; sourceTree = BUILT_PRODUCTS_DIR; };
		B3F4FC6228B004CF005C98E0 /* Tests_macOS.swift */ = {isa = PBXFileReference; lastKnownFileType = sourcecode.swift; path = Tests_macOS.swift; sourceTree = "<group>"; };
		B3F4FC6428B004CF005C98E0 /* Tests_macOSLaunchTests.swift */ = {isa = PBXFileReference; lastKnownFileType = sourcecode.swift; path = Tests_macOSLaunchTests.swift; sourceTree = "<group>"; };
		B3F4FC7B28B004F9005C98E0 /* SwiftDisplayLink */ = {isa = PBXFileReference; lastKnownFileType = wrapper; name = SwiftDisplayLink; path = ../..; sourceTree = "<group>"; };
/* End PBXFileReference section */

/* Begin PBXFrameworksBuildPhase section */
		B3F4FC4228B004CF005C98E0 /* Frameworks */ = {
			isa = PBXFrameworksBuildPhase;
			buildActionMask = 2147483647;
			files = (
				B3C7EB5628CC592300F7879B /* SwiftDisplayLink in Frameworks */,
			);
			runOnlyForDeploymentPostprocessing = 0;
		};
		B3F4FC4828B004CF005C98E0 /* Frameworks */ = {
			isa = PBXFrameworksBuildPhase;
			buildActionMask = 2147483647;
			files = (
				B3C7EB5828CC592800F7879B /* SwiftDisplayLink in Frameworks */,
			);
			runOnlyForDeploymentPostprocessing = 0;
		};
		B3F4FC4F28B004CF005C98E0 /* Frameworks */ = {
			isa = PBXFrameworksBuildPhase;
			buildActionMask = 2147483647;
			files = (
			);
			runOnlyForDeploymentPostprocessing = 0;
		};
		B3F4FC5B28B004CF005C98E0 /* Frameworks */ = {
			isa = PBXFrameworksBuildPhase;
			buildActionMask = 2147483647;
			files = (
			);
			runOnlyForDeploymentPostprocessing = 0;
		};
/* End PBXFrameworksBuildPhase section */

/* Begin PBXGroup section */
		B378003628CC515D00C52A62 /* Loader */ = {
			isa = PBXGroup;
			children = (
				B378003728CC518500C52A62 /* SimpleLoader.swift */,
			);
			path = Loader;
			sourceTree = "<group>";
		};
		B3C7EB5428CC592300F7879B /* Frameworks */ = {
			isa = PBXGroup;
			children = (
			);
			name = Frameworks;
			sourceTree = "<group>";
		};
		B3F4FC3828B004CE005C98E0 = {
			isa = PBXGroup;
			children = (
				B3F4FC7A28B004F9005C98E0 /* Packages */,
				B3F4FC3D28B004CE005C98E0 /* Shared */,
				B3F4FC4C28B004CF005C98E0 /* macOS */,
				B3F4FC5528B004CF005C98E0 /* Tests iOS */,
				B3F4FC6128B004CF005C98E0 /* Tests macOS */,
				B3F4FC4628B004CF005C98E0 /* Products */,
				B3C7EB5428CC592300F7879B /* Frameworks */,
			);
			sourceTree = "<group>";
		};
		B3F4FC3D28B004CE005C98E0 /* Shared */ = {
			isa = PBXGroup;
			children = (
				B378003628CC515D00C52A62 /* Loader */,
				B3F4FC3E28B004CE005C98E0 /* DemoAppApp.swift */,
				B3F4FC3F28B004CE005C98E0 /* ContentView.swift */,
				B3F4FC4028B004CF005C98E0 /* Assets.xcassets */,
			);
			path = Shared;
			sourceTree = "<group>";
		};
		B3F4FC4628B004CF005C98E0 /* Products */ = {
			isa = PBXGroup;
			children = (
				B3F4FC4528B004CF005C98E0 /* DemoApp.app */,
				B3F4FC4B28B004CF005C98E0 /* DemoApp.app */,
				B3F4FC5228B004CF005C98E0 /* Tests iOS.xctest */,
				B3F4FC5E28B004CF005C98E0 /* Tests macOS.xctest */,
			);
			name = Products;
			sourceTree = "<group>";
		};
		B3F4FC4C28B004CF005C98E0 /* macOS */ = {
			isa = PBXGroup;
			children = (
				B3F4FC4D28B004CF005C98E0 /* macOS.entitlements */,
			);
			path = macOS;
			sourceTree = "<group>";
		};
		B3F4FC5528B004CF005C98E0 /* Tests iOS */ = {
			isa = PBXGroup;
			children = (
				B3F4FC5628B004CF005C98E0 /* Tests_iOS.swift */,
				B3F4FC5828B004CF005C98E0 /* Tests_iOSLaunchTests.swift */,
			);
			path = "Tests iOS";
			sourceTree = "<group>";
		};
		B3F4FC6128B004CF005C98E0 /* Tests macOS */ = {
			isa = PBXGroup;
			children = (
				B3F4FC6228B004CF005C98E0 /* Tests_macOS.swift */,
				B3F4FC6428B004CF005C98E0 /* Tests_macOSLaunchTests.swift */,
			);
			path = "Tests macOS";
			sourceTree = "<group>";
		};
		B3F4FC7A28B004F9005C98E0 /* Packages */ = {
			isa = PBXGroup;
			children = (
				B3F4FC7B28B004F9005C98E0 /* SwiftDisplayLink */,
			);
			name = Packages;
			sourceTree = "<group>";
		};
/* End PBXGroup section */

/* Begin PBXNativeTarget section */
		B3F4FC4428B004CF005C98E0 /* DemoApp (iOS) */ = {
			isa = PBXNativeTarget;
			buildConfigurationList = B3F4FC6E28B004CF005C98E0 /* Build configuration list for PBXNativeTarget "DemoApp (iOS)" */;
			buildPhases = (
				B3F4FC4128B004CF005C98E0 /* Sources */,
				B3F4FC4228B004CF005C98E0 /* Frameworks */,
				B3F4FC4328B004CF005C98E0 /* Resources */,
			);
			buildRules = (
			);
			dependencies = (
				B3F4FC7D28B0050F005C98E0 /* PBXTargetDependency */,
			);
			name = "DemoApp (iOS)";
			packageProductDependencies = (
				B3C7EB5528CC592300F7879B /* SwiftDisplayLink */,
			);
			productName = "DemoApp (iOS)";
			productReference = B3F4FC4528B004CF005C98E0 /* DemoApp.app */;
			productType = "com.apple.product-type.application";
		};
		B3F4FC4A28B004CF005C98E0 /* DemoApp (macOS) */ = {
			isa = PBXNativeTarget;
			buildConfigurationList = B3F4FC7128B004CF005C98E0 /* Build configuration list for PBXNativeTarget "DemoApp (macOS)" */;
			buildPhases = (
				B3F4FC4728B004CF005C98E0 /* Sources */,
				B3F4FC4828B004CF005C98E0 /* Frameworks */,
				B3F4FC4928B004CF005C98E0 /* Resources */,
			);
			buildRules = (
			);
			dependencies = (
				B3F4FC7F28B00515005C98E0 /* PBXTargetDependency */,
			);
			name = "DemoApp (macOS)";
			packageProductDependencies = (
				B3C7EB5728CC592800F7879B /* SwiftDisplayLink */,
			);
			productName = "DemoApp (macOS)";
			productReference = B3F4FC4B28B004CF005C98E0 /* DemoApp.app */;
			productType = "com.apple.product-type.application";
		};
		B3F4FC5128B004CF005C98E0 /* Tests iOS */ = {
			isa = PBXNativeTarget;
			buildConfigurationList = B3F4FC7428B004CF005C98E0 /* Build configuration list for PBXNativeTarget "Tests iOS" */;
			buildPhases = (
				B3F4FC4E28B004CF005C98E0 /* Sources */,
				B3F4FC4F28B004CF005C98E0 /* Frameworks */,
				B3F4FC5028B004CF005C98E0 /* Resources */,
			);
			buildRules = (
			);
			dependencies = (
				B3F4FC5428B004CF005C98E0 /* PBXTargetDependency */,
			);
			name = "Tests iOS";
			productName = "Tests iOS";
			productReference = B3F4FC5228B004CF005C98E0 /* Tests iOS.xctest */;
			productType = "com.apple.product-type.bundle.ui-testing";
		};
		B3F4FC5D28B004CF005C98E0 /* Tests macOS */ = {
			isa = PBXNativeTarget;
			buildConfigurationList = B3F4FC7728B004CF005C98E0 /* Build configuration list for PBXNativeTarget "Tests macOS" */;
			buildPhases = (
				B3F4FC5A28B004CF005C98E0 /* Sources */,
				B3F4FC5B28B004CF005C98E0 /* Frameworks */,
				B3F4FC5C28B004CF005C98E0 /* Resources */,
			);
			buildRules = (
			);
			dependencies = (
				B3F4FC6028B004CF005C98E0 /* PBXTargetDependency */,
			);
			name = "Tests macOS";
			productName = "Tests macOS";
			productReference = B3F4FC5E28B004CF005C98E0 /* Tests macOS.xctest */;
			productType = "com.apple.product-type.bundle.ui-testing";
		};
/* End PBXNativeTarget section */

/* Begin PBXProject section */
		B3F4FC3928B004CE005C98E0 /* Project object */ = {
			isa = PBXProject;
			attributes = {
				BuildIndependentTargetsInParallel = 1;
				LastSwiftUpdateCheck = 1340;
				LastUpgradeCheck = 1340;
				TargetAttributes = {
					B3F4FC4428B004CF005C98E0 = {
						CreatedOnToolsVersion = 13.4.1;
					};
					B3F4FC4A28B004CF005C98E0 = {
						CreatedOnToolsVersion = 13.4.1;
					};
					B3F4FC5128B004CF005C98E0 = {
						CreatedOnToolsVersion = 13.4.1;
						TestTargetID = B3F4FC4428B004CF005C98E0;
					};
					B3F4FC5D28B004CF005C98E0 = {
						CreatedOnToolsVersion = 13.4.1;
						TestTargetID = B3F4FC4A28B004CF005C98E0;
					};
				};
			};
			buildConfigurationList = B3F4FC3C28B004CE005C98E0 /* Build configuration list for PBXProject "DemoApp" */;
			compatibilityVersion = "Xcode 13.0";
			developmentRegion = en;
			hasScannedForEncodings = 0;
			knownRegions = (
				en,
				Base,
			);
			mainGroup = B3F4FC3828B004CE005C98E0;
			productRefGroup = B3F4FC4628B004CF005C98E0 /* Products */;
			projectDirPath = "";
			projectRoot = "";
			targets = (
				B3F4FC4428B004CF005C98E0 /* DemoApp (iOS) */,
				B3F4FC4A28B004CF005C98E0 /* DemoApp (macOS) */,
				B3F4FC5128B004CF005C98E0 /* Tests iOS */,
				B3F4FC5D28B004CF005C98E0 /* Tests macOS */,
			);
		};
/* End PBXProject section */

/* Begin PBXResourcesBuildPhase section */
		B3F4FC4328B004CF005C98E0 /* Resources */ = {
			isa = PBXResourcesBuildPhase;
			buildActionMask = 2147483647;
			files = (
				B3F4FC6A28B004CF005C98E0 /* Assets.xcassets in Resources */,
			);
			runOnlyForDeploymentPostprocessing = 0;
		};
		B3F4FC4928B004CF005C98E0 /* Resources */ = {
			isa = PBXResourcesBuildPhase;
			buildActionMask = 2147483647;
			files = (
				B3F4FC6B28B004CF005C98E0 /* Assets.xcassets in Resources */,
			);
			runOnlyForDeploymentPostprocessing = 0;
		};
		B3F4FC5028B004CF005C98E0 /* Resources */ = {
			isa = PBXResourcesBuildPhase;
			buildActionMask = 2147483647;
			files = (
			);
			runOnlyForDeploymentPostprocessing = 0;
		};
		B3F4FC5C28B004CF005C98E0 /* Resources */ = {
			isa = PBXResourcesBuildPhase;
			buildActionMask = 2147483647;
			files = (
			);
			runOnlyForDeploymentPostprocessing = 0;
		};
/* End PBXResourcesBuildPhase section */

/* Begin PBXSourcesBuildPhase section */
		B3F4FC4128B004CF005C98E0 /* Sources */ = {
			isa = PBXSourcesBuildPhase;
			buildActionMask = 2147483647;
			files = (
				B3F4FC6828B004CF005C98E0 /* ContentView.swift in Sources */,
				B3F4FC6628B004CF005C98E0 /* DemoAppApp.swift in Sources */,
				B378003828CC518500C52A62 /* SimpleLoader.swift in Sources */,
			);
			runOnlyForDeploymentPostprocessing = 0;
		};
		B3F4FC4728B004CF005C98E0 /* Sources */ = {
			isa = PBXSourcesBuildPhase;
			buildActionMask = 2147483647;
			files = (
				B3F4FC6928B004CF005C98E0 /* ContentView.swift in Sources */,
				B3F4FC6728B004CF005C98E0 /* DemoAppApp.swift in Sources */,
				B3C7EB5928CD0A1F00F7879B /* SimpleLoader.swift in Sources */,
			);
			runOnlyForDeploymentPostprocessing = 0;
		};
		B3F4FC4E28B004CF005C98E0 /* Sources */ = {
			isa = PBXSourcesBuildPhase;
			buildActionMask = 2147483647;
			files = (
				B3F4FC5928B004CF005C98E0 /* Tests_iOSLaunchTests.swift in Sources */,
				B3F4FC5728B004CF005C98E0 /* Tests_iOS.swift in Sources */,
			);
			runOnlyForDeploymentPostprocessing = 0;
		};
		B3F4FC5A28B004CF005C98E0 /* Sources */ = {
			isa = PBXSourcesBuildPhase;
			buildActionMask = 2147483647;
			files = (
				B3F4FC6528B004CF005C98E0 /* Tests_macOSLaunchTests.swift in Sources */,
				B3F4FC6328B004CF005C98E0 /* Tests_macOS.swift in Sources */,
			);
			runOnlyForDeploymentPostprocessing = 0;
		};
/* End PBXSourcesBuildPhase section */

/* Begin PBXTargetDependency section */
		B3F4FC5428B004CF005C98E0 /* PBXTargetDependency */ = {
			isa = PBXTargetDependency;
			target = B3F4FC4428B004CF005C98E0 /* DemoApp (iOS) */;
			targetProxy = B3F4FC5328B004CF005C98E0 /* PBXContainerItemProxy */;
		};
		B3F4FC6028B004CF005C98E0 /* PBXTargetDependency */ = {
			isa = PBXTargetDependency;
			target = B3F4FC4A28B004CF005C98E0 /* DemoApp (macOS) */;
			targetProxy = B3F4FC5F28B004CF005C98E0 /* PBXContainerItemProxy */;
		};
		B3F4FC7D28B0050F005C98E0 /* PBXTargetDependency */ = {
			isa = PBXTargetDependency;
			productRef = B3F4FC7C28B0050F005C98E0 /* SwiftDisplayLink */;
		};
		B3F4FC7F28B00515005C98E0 /* PBXTargetDependency */ = {
			isa = PBXTargetDependency;
			productRef = B3F4FC7E28B00515005C98E0 /* SwiftDisplayLink */;
		};
/* End PBXTargetDependency section */

/* Begin XCBuildConfiguration section */
		B3F4FC6C28B004CF005C98E0 /* Debug */ = {
			isa = XCBuildConfiguration;
			buildSettings = {
				ALWAYS_SEARCH_USER_PATHS = NO;
				CLANG_ANALYZER_NONNULL = YES;
				CLANG_ANALYZER_NUMBER_OBJECT_CONVERSION = YES_AGGRESSIVE;
				CLANG_CXX_LANGUAGE_STANDARD = "gnu++17";
				CLANG_ENABLE_MODULES = YES;
				CLANG_ENABLE_OBJC_ARC = YES;
				CLANG_ENABLE_OBJC_WEAK = YES;
				CLANG_WARN_BLOCK_CAPTURE_AUTORELEASING = YES;
				CLANG_WARN_BOOL_CONVERSION = YES;
				CLANG_WARN_COMMA = YES;
				CLANG_WARN_CONSTANT_CONVERSION = YES;
				CLANG_WARN_DEPRECATED_OBJC_IMPLEMENTATIONS = YES;
				CLANG_WARN_DIRECT_OBJC_ISA_USAGE = YES_ERROR;
				CLANG_WARN_DOCUMENTATION_COMMENTS = YES;
				CLANG_WARN_EMPTY_BODY = YES;
				CLANG_WARN_ENUM_CONVERSION = YES;
				CLANG_WARN_INFINITE_RECURSION = YES;
				CLANG_WARN_INT_CONVERSION = YES;
				CLANG_WARN_NON_LITERAL_NULL_CONVERSION = YES;
				CLANG_WARN_OBJC_IMPLICIT_RETAIN_SELF = YES;
				CLANG_WARN_OBJC_LITERAL_CONVERSION = YES;
				CLANG_WARN_OBJC_ROOT_CLASS = YES_ERROR;
				CLANG_WARN_QUOTED_INCLUDE_IN_FRAMEWORK_HEADER = YES;
				CLANG_WARN_RANGE_LOOP_ANALYSIS = YES;
				CLANG_WARN_STRICT_PROTOTYPES = YES;
				CLANG_WARN_SUSPICIOUS_MOVE = YES;
				CLANG_WARN_UNGUARDED_AVAILABILITY = YES_AGGRESSIVE;
				CLANG_WARN_UNREACHABLE_CODE = YES;
				CLANG_WARN__DUPLICATE_METHOD_MATCH = YES;
				COPY_PHASE_STRIP = NO;
				DEBUG_INFORMATION_FORMAT = dwarf;
				ENABLE_STRICT_OBJC_MSGSEND = YES;
				ENABLE_TESTABILITY = YES;
				GCC_C_LANGUAGE_STANDARD = gnu11;
				GCC_DYNAMIC_NO_PIC = NO;
				GCC_NO_COMMON_BLOCKS = YES;
				GCC_OPTIMIZATION_LEVEL = 0;
				GCC_PREPROCESSOR_DEFINITIONS = (
					"DEBUG=1",
					"$(inherited)",
				);
				GCC_WARN_64_TO_32_BIT_CONVERSION = YES;
				GCC_WARN_ABOUT_RETURN_TYPE = YES_ERROR;
				GCC_WARN_UNDECLARED_SELECTOR = YES;
				GCC_WARN_UNINITIALIZED_AUTOS = YES_AGGRESSIVE;
				GCC_WARN_UNUSED_FUNCTION = YES;
				GCC_WARN_UNUSED_VARIABLE = YES;
				IPHONEOS_DEPLOYMENT_TARGET = 12.0;
				MACOSX_DEPLOYMENT_TARGET = 11.0;
				MTL_ENABLE_DEBUG_INFO = INCLUDE_SOURCE;
				MTL_FAST_MATH = YES;
				ONLY_ACTIVE_ARCH = YES;
				SWIFT_ACTIVE_COMPILATION_CONDITIONS = DEBUG;
				SWIFT_OPTIMIZATION_LEVEL = "-Onone";
			};
			name = Debug;
		};
		B3F4FC6D28B004CF005C98E0 /* Release */ = {
			isa = XCBuildConfiguration;
			buildSettings = {
				ALWAYS_SEARCH_USER_PATHS = NO;
				CLANG_ANALYZER_NONNULL = YES;
				CLANG_ANALYZER_NUMBER_OBJECT_CONVERSION = YES_AGGRESSIVE;
				CLANG_CXX_LANGUAGE_STANDARD = "gnu++17";
				CLANG_ENABLE_MODULES = YES;
				CLANG_ENABLE_OBJC_ARC = YES;
				CLANG_ENABLE_OBJC_WEAK = YES;
				CLANG_WARN_BLOCK_CAPTURE_AUTORELEASING = YES;
				CLANG_WARN_BOOL_CONVERSION = YES;
				CLANG_WARN_COMMA = YES;
				CLANG_WARN_CONSTANT_CONVERSION = YES;
				CLANG_WARN_DEPRECATED_OBJC_IMPLEMENTATIONS = YES;
				CLANG_WARN_DIRECT_OBJC_ISA_USAGE = YES_ERROR;
				CLANG_WARN_DOCUMENTATION_COMMENTS = YES;
				CLANG_WARN_EMPTY_BODY = YES;
				CLANG_WARN_ENUM_CONVERSION = YES;
				CLANG_WARN_INFINITE_RECURSION = YES;
				CLANG_WARN_INT_CONVERSION = YES;
				CLANG_WARN_NON_LITERAL_NULL_CONVERSION = YES;
				CLANG_WARN_OBJC_IMPLICIT_RETAIN_SELF = YES;
				CLANG_WARN_OBJC_LITERAL_CONVERSION = YES;
				CLANG_WARN_OBJC_ROOT_CLASS = YES_ERROR;
				CLANG_WARN_QUOTED_INCLUDE_IN_FRAMEWORK_HEADER = YES;
				CLANG_WARN_RANGE_LOOP_ANALYSIS = YES;
				CLANG_WARN_STRICT_PROTOTYPES = YES;
				CLANG_WARN_SUSPICIOUS_MOVE = YES;
				CLANG_WARN_UNGUARDED_AVAILABILITY = YES_AGGRESSIVE;
				CLANG_WARN_UNREACHABLE_CODE = YES;
				CLANG_WARN__DUPLICATE_METHOD_MATCH = YES;
				COPY_PHASE_STRIP = NO;
				DEBUG_INFORMATION_FORMAT = "dwarf-with-dsym";
				ENABLE_NS_ASSERTIONS = NO;
				ENABLE_STRICT_OBJC_MSGSEND = YES;
				GCC_C_LANGUAGE_STANDARD = gnu11;
				GCC_NO_COMMON_BLOCKS = YES;
				GCC_WARN_64_TO_32_BIT_CONVERSION = YES;
				GCC_WARN_ABOUT_RETURN_TYPE = YES_ERROR;
				GCC_WARN_UNDECLARED_SELECTOR = YES;
				GCC_WARN_UNINITIALIZED_AUTOS = YES_AGGRESSIVE;
				GCC_WARN_UNUSED_FUNCTION = YES;
				GCC_WARN_UNUSED_VARIABLE = YES;
				IPHONEOS_DEPLOYMENT_TARGET = 12.0;
				MACOSX_DEPLOYMENT_TARGET = 11.0;
				MTL_ENABLE_DEBUG_INFO = NO;
				MTL_FAST_MATH = YES;
				SWIFT_COMPILATION_MODE = wholemodule;
				SWIFT_OPTIMIZATION_LEVEL = "-O";
			};
			name = Release;
		};
		B3F4FC6F28B004CF005C98E0 /* Debug */ = {
			isa = XCBuildConfiguration;
			buildSettings = {
				ASSETCATALOG_COMPILER_APPICON_NAME = AppIcon;
				ASSETCATALOG_COMPILER_GLOBAL_ACCENT_COLOR_NAME = AccentColor;
				CODE_SIGN_STYLE = Automatic;
				CURRENT_PROJECT_VERSION = 1;
				ENABLE_PREVIEWS = YES;
				GENERATE_INFOPLIST_FILE = YES;
				INFOPLIST_KEY_UIApplicationSceneManifest_Generation = YES;
				INFOPLIST_KEY_UIApplicationSupportsIndirectInputEvents = YES;
				INFOPLIST_KEY_UILaunchScreen_Generation = YES;
				INFOPLIST_KEY_UISupportedInterfaceOrientations_iPad = "UIInterfaceOrientationPortrait UIInterfaceOrientationPortraitUpsideDown UIInterfaceOrientationLandscapeLeft UIInterfaceOrientationLandscapeRight";
				INFOPLIST_KEY_UISupportedInterfaceOrientations_iPhone = "UIInterfaceOrientationPortrait UIInterfaceOrientationLandscapeLeft UIInterfaceOrientationLandscapeRight";
				IPHONEOS_DEPLOYMENT_TARGET = 14.0;
				LD_RUNPATH_SEARCH_PATHS = (
					"$(inherited)",
					"@executable_path/Frameworks",
				);
				MARKETING_VERSION = 1.0;
				PRODUCT_BUNDLE_IDENTIFIER = com.syedsaudarif.DemoApp;
				PRODUCT_NAME = DemoApp;
				SDKROOT = iphoneos;
				SWIFT_EMIT_LOC_STRINGS = YES;
				SWIFT_VERSION = 5.0;
				TARGETED_DEVICE_FAMILY = "1,2";
			};
			name = Debug;
		};
		B3F4FC7028B004CF005C98E0 /* Release */ = {
			isa = XCBuildConfiguration;
			buildSettings = {
				ASSETCATALOG_COMPILER_APPICON_NAME = AppIcon;
				ASSETCATALOG_COMPILER_GLOBAL_ACCENT_COLOR_NAME = AccentColor;
				CODE_SIGN_STYLE = Automatic;
				CURRENT_PROJECT_VERSION = 1;
				ENABLE_PREVIEWS = YES;
				GENERATE_INFOPLIST_FILE = YES;
				INFOPLIST_KEY_UIApplicationSceneManifest_Generation = YES;
				INFOPLIST_KEY_UIApplicationSupportsIndirectInputEvents = YES;
				INFOPLIST_KEY_UILaunchScreen_Generation = YES;
				INFOPLIST_KEY_UISupportedInterfaceOrientations_iPad = "UIInterfaceOrientationPortrait UIInterfaceOrientationPortraitUpsideDown UIInterfaceOrientationLandscapeLeft UIInterfaceOrientationLandscapeRight";
				INFOPLIST_KEY_UISupportedInterfaceOrientations_iPhone = "UIInterfaceOrientationPortrait UIInterfaceOrientationLandscapeLeft UIInterfaceOrientationLandscapeRight";
				IPHONEOS_DEPLOYMENT_TARGET = 14.0;
				LD_RUNPATH_SEARCH_PATHS = (
					"$(inherited)",
					"@executable_path/Frameworks",
				);
				MARKETING_VERSION = 1.0;
				PRODUCT_BUNDLE_IDENTIFIER = com.syedsaudarif.DemoApp;
				PRODUCT_NAME = DemoApp;
				SDKROOT = iphoneos;
				SWIFT_EMIT_LOC_STRINGS = YES;
				SWIFT_VERSION = 5.0;
				TARGETED_DEVICE_FAMILY = "1,2";
				VALIDATE_PRODUCT = YES;
			};
			name = Release;
		};
		B3F4FC7228B004CF005C98E0 /* Debug */ = {
			isa = XCBuildConfiguration;
			buildSettings = {
				ASSETCATALOG_COMPILER_APPICON_NAME = AppIcon;
				ASSETCATALOG_COMPILER_GLOBAL_ACCENT_COLOR_NAME = AccentColor;
				CODE_SIGN_ENTITLEMENTS = macOS/macOS.entitlements;
				CODE_SIGN_STYLE = Manual;
				COMBINE_HIDPI_IMAGES = YES;
				CURRENT_PROJECT_VERSION = 1;
				DEVELOPMENT_TEAM = "";
				ENABLE_PREVIEWS = YES;
				GENERATE_INFOPLIST_FILE = YES;
				INFOPLIST_KEY_NSHumanReadableCopyright = "";
				LD_RUNPATH_SEARCH_PATHS = (
					"$(inherited)",
					"@executable_path/../Frameworks",
				);
				MACOSX_DEPLOYMENT_TARGET = 11.0;
				MARKETING_VERSION = 1.0;
				PRODUCT_BUNDLE_IDENTIFIER = com.syedsaudarif.DemoApp;
				PRODUCT_NAME = DemoApp;
				PROVISIONING_PROFILE_SPECIFIER = "";
				SDKROOT = macosx;
				SWIFT_EMIT_LOC_STRINGS = YES;
				SWIFT_VERSION = 5.0;
			};
			name = Debug;
		};
		B3F4FC7328B004CF005C98E0 /* Release */ = {
			isa = XCBuildConfiguration;
			buildSettings = {
				ASSETCATALOG_COMPILER_APPICON_NAME = AppIcon;
				ASSETCATALOG_COMPILER_GLOBAL_ACCENT_COLOR_NAME = AccentColor;
				CODE_SIGN_ENTITLEMENTS = macOS/macOS.entitlements;
				CODE_SIGN_STYLE = Manual;
				COMBINE_HIDPI_IMAGES = YES;
				CURRENT_PROJECT_VERSION = 1;
				DEVELOPMENT_TEAM = "";
				ENABLE_PREVIEWS = YES;
				GENERATE_INFOPLIST_FILE = YES;
				INFOPLIST_KEY_NSHumanReadableCopyright = "";
				LD_RUNPATH_SEARCH_PATHS = (
					"$(inherited)",
					"@executable_path/../Frameworks",
				);
				MACOSX_DEPLOYMENT_TARGET = 11.0;
				MARKETING_VERSION = 1.0;
				PRODUCT_BUNDLE_IDENTIFIER = com.syedsaudarif.DemoApp;
				PRODUCT_NAME = DemoApp;
				PROVISIONING_PROFILE_SPECIFIER = "";
				SDKROOT = macosx;
				SWIFT_EMIT_LOC_STRINGS = YES;
				SWIFT_VERSION = 5.0;
			};
			name = Release;
		};
		B3F4FC7528B004CF005C98E0 /* Debug */ = {
			isa = XCBuildConfiguration;
			buildSettings = {
				ALWAYS_EMBED_SWIFT_STANDARD_LIBRARIES = YES;
				"CODE_SIGN_IDENTITY[sdk=macosx*]" = "-";
				CODE_SIGN_STYLE = Manual;
				CURRENT_PROJECT_VERSION = 1;
				DEVELOPMENT_TEAM = "";
				GENERATE_INFOPLIST_FILE = YES;
				IPHONEOS_DEPLOYMENT_TARGET = 14.0;
				MACOSX_DEPLOYMENT_TARGET = 12.3;
				MARKETING_VERSION = 1.0;
				PRODUCT_BUNDLE_IDENTIFIER = "com.syedsaudarif.Tests-iOS";
				PRODUCT_NAME = "$(TARGET_NAME)";
				PROVISIONING_PROFILE_SPECIFIER = "";
				"PROVISIONING_PROFILE_SPECIFIER[sdk=macosx*]" = "";
				SDKROOT = iphoneos;
				SWIFT_EMIT_LOC_STRINGS = NO;
				SWIFT_VERSION = 5.0;
				TARGETED_DEVICE_FAMILY = "1,2";
				TEST_TARGET_NAME = "DemoApp (iOS)";
			};
			name = Debug;
		};
		B3F4FC7628B004CF005C98E0 /* Release */ = {
			isa = XCBuildConfiguration;
			buildSettings = {
				ALWAYS_EMBED_SWIFT_STANDARD_LIBRARIES = YES;
				"CODE_SIGN_IDENTITY[sdk=macosx*]" = "-";
				CODE_SIGN_STYLE = Manual;
				CURRENT_PROJECT_VERSION = 1;
				DEVELOPMENT_TEAM = "";
				GENERATE_INFOPLIST_FILE = YES;
				IPHONEOS_DEPLOYMENT_TARGET = 14.0;
				MACOSX_DEPLOYMENT_TARGET = 12.3;
				MARKETING_VERSION = 1.0;
				PRODUCT_BUNDLE_IDENTIFIER = "com.syedsaudarif.Tests-iOS";
				PRODUCT_NAME = "$(TARGET_NAME)";
				PROVISIONING_PROFILE_SPECIFIER = "";
				"PROVISIONING_PROFILE_SPECIFIER[sdk=macosx*]" = "";
				SDKROOT = iphoneos;
				SWIFT_EMIT_LOC_STRINGS = NO;
				SWIFT_VERSION = 5.0;
				TARGETED_DEVICE_FAMILY = "1,2";
				TEST_TARGET_NAME = "DemoApp (iOS)";
				VALIDATE_PRODUCT = YES;
			};
			name = Release;
		};
		B3F4FC7828B004CF005C98E0 /* Debug */ = {
			isa = XCBuildConfiguration;
			buildSettings = {
				ALWAYS_EMBED_SWIFT_STANDARD_LIBRARIES = YES;
				CODE_SIGN_STYLE = Manual;
				CURRENT_PROJECT_VERSION = 1;
				DEVELOPMENT_TEAM = "";
				GENERATE_INFOPLIST_FILE = YES;
				MACOSX_DEPLOYMENT_TARGET = 11.0;
				MARKETING_VERSION = 1.0;
				PRODUCT_BUNDLE_IDENTIFIER = "com.syedsaudarif.Tests-macOS";
				PRODUCT_NAME = "$(TARGET_NAME)";
				PROVISIONING_PROFILE_SPECIFIER = "";
				SDKROOT = macosx;
				SWIFT_EMIT_LOC_STRINGS = NO;
				SWIFT_VERSION = 5.0;
				TEST_TARGET_NAME = "DemoApp (macOS)";
			};
			name = Debug;
		};
		B3F4FC7928B004CF005C98E0 /* Release */ = {
			isa = XCBuildConfiguration;
			buildSettings = {
				ALWAYS_EMBED_SWIFT_STANDARD_LIBRARIES = YES;
				CODE_SIGN_STYLE = Manual;
				CURRENT_PROJECT_VERSION = 1;
				DEVELOPMENT_TEAM = "";
				GENERATE_INFOPLIST_FILE = YES;
				MACOSX_DEPLOYMENT_TARGET = 11.0;
				MARKETING_VERSION = 1.0;
				PRODUCT_BUNDLE_IDENTIFIER = "com.syedsaudarif.Tests-macOS";
				PRODUCT_NAME = "$(TARGET_NAME)";
				PROVISIONING_PROFILE_SPECIFIER = "";
				SDKROOT = macosx;
				SWIFT_EMIT_LOC_STRINGS = NO;
				SWIFT_VERSION = 5.0;
				TEST_TARGET_NAME = "DemoApp (macOS)";
			};
			name = Release;
		};
/* End XCBuildConfiguration section */

/* Begin XCConfigurationList section */
		B3F4FC3C28B004CE005C98E0 /* Build configuration list for PBXProject "DemoApp" */ = {
			isa = XCConfigurationList;
			buildConfigurations = (
				B3F4FC6C28B004CF005C98E0 /* Debug */,
				B3F4FC6D28B004CF005C98E0 /* Release */,
			);
			defaultConfigurationIsVisible = 0;
			defaultConfigurationName = Debug;
		};
		B3F4FC6E28B004CF005C98E0 /* Build configuration list for PBXNativeTarget "DemoApp (iOS)" */ = {
			isa = XCConfigurationList;
			buildConfigurations = (
				B3F4FC6F28B004CF005C98E0 /* Debug */,
				B3F4FC7028B004CF005C98E0 /* Release */,
			);
			defaultConfigurationIsVisible = 0;
			defaultConfigurationName = Debug;
		};
		B3F4FC7128B004CF005C98E0 /* Build configuration list for PBXNativeTarget "DemoApp (macOS)" */ = {
			isa = XCConfigurationList;
			buildConfigurations = (
				B3F4FC7228B004CF005C98E0 /* Debug */,
				B3F4FC7328B004CF005C98E0 /* Release */,
			);
			defaultConfigurationIsVisible = 0;
			defaultConfigurationName = Debug;
		};
		B3F4FC7428B004CF005C98E0 /* Build configuration list for PBXNativeTarget "Tests iOS" */ = {
			isa = XCConfigurationList;
			buildConfigurations = (
				B3F4FC7528B004CF005C98E0 /* Debug */,
				B3F4FC7628B004CF005C98E0 /* Release */,
			);
			defaultConfigurationIsVisible = 0;
			defaultConfigurationName = Debug;
		};
		B3F4FC7728B004CF005C98E0 /* Build configuration list for PBXNativeTarget "Tests macOS" */ = {
			isa = XCConfigurationList;
			buildConfigurations = (
				B3F4FC7828B004CF005C98E0 /* Debug */,
				B3F4FC7928B004CF005C98E0 /* Release */,
			);
			defaultConfigurationIsVisible = 0;
			defaultConfigurationName = Debug;
		};
/* End XCConfigurationList section */

/* Begin XCSwiftPackageProductDependency section */
		B3C7EB5528CC592300F7879B /* SwiftDisplayLink */ = {
			isa = XCSwiftPackageProductDependency;
			productName = SwiftDisplayLink;
		};
		B3C7EB5728CC592800F7879B /* SwiftDisplayLink */ = {
			isa = XCSwiftPackageProductDependency;
			productName = SwiftDisplayLink;
		};
		B3F4FC7C28B0050F005C98E0 /* SwiftDisplayLink */ = {
			isa = XCSwiftPackageProductDependency;
			productName = SwiftDisplayLink;
		};
		B3F4FC7E28B00515005C98E0 /* SwiftDisplayLink */ = {
			isa = XCSwiftPackageProductDependency;
			productName = SwiftDisplayLink;
		};
/* End XCSwiftPackageProductDependency section */
	};
	rootObject = B3F4FC3928B004CE005C98E0 /* Project object */;
}
